// !$*UTF8*$!
{
	archiveVersion = 1;
	classes = {
	};
	objectVersion = 55;
	objects = {

/* Begin PBXBuildFile section */
		B42D3BE12787377F00D40C61 /* Tests_iOS.swift in Sources */ = {isa = PBXBuildFile; fileRef = B42D3BE02787377F00D40C61 /* Tests_iOS.swift */; };
		B42D3BE32787377F00D40C61 /* Tests_iOSLaunchTests.swift in Sources */ = {isa = PBXBuildFile; fileRef = B42D3BE22787377F00D40C61 /* Tests_iOSLaunchTests.swift */; };
		B42D3BED2787377F00D40C61 /* Tests_macOS.swift in Sources */ = {isa = PBXBuildFile; fileRef = B42D3BEC2787377F00D40C61 /* Tests_macOS.swift */; };
		B42D3BEF2787377F00D40C61 /* Tests_macOSLaunchTests.swift in Sources */ = {isa = PBXBuildFile; fileRef = B42D3BEE2787377F00D40C61 /* Tests_macOSLaunchTests.swift */; };
		B42D3BF02787377F00D40C61 /* I_Am_RichApp.swift in Sources */ = {isa = PBXBuildFile; fileRef = B42D3BC82787377E00D40C61 /* I_Am_RichApp.swift */; };
		B42D3BF12787377F00D40C61 /* I_Am_RichApp.swift in Sources */ = {isa = PBXBuildFile; fileRef = B42D3BC82787377E00D40C61 /* I_Am_RichApp.swift */; };
		B42D3BF22787377F00D40C61 /* ContentView.swift in Sources */ = {isa = PBXBuildFile; fileRef = B42D3BC92787377E00D40C61 /* ContentView.swift */; };
		B42D3BF32787377F00D40C61 /* ContentView.swift in Sources */ = {isa = PBXBuildFile; fileRef = B42D3BC92787377E00D40C61 /* ContentView.swift */; };
		B42D3BF42787377F00D40C61 /* Assets.xcassets in Resources */ = {isa = PBXBuildFile; fileRef = B42D3BCA2787377F00D40C61 /* Assets.xcassets */; };
		B42D3BF52787377F00D40C61 /* Assets.xcassets in Resources */ = {isa = PBXBuildFile; fileRef = B42D3BCA2787377F00D40C61 /* Assets.xcassets */; };
/* End PBXBuildFile section */

/* Begin PBXContainerItemProxy section */
		B42D3BDD2787377F00D40C61 /* PBXContainerItemProxy */ = {
			isa = PBXContainerItemProxy;
			containerPortal = B42D3BC32787377D00D40C61 /* Project object */;
			proxyType = 1;
			remoteGlobalIDString = B42D3BCE2787377F00D40C61;
			remoteInfo = "I Am Rich (iOS)";
		};
		B42D3BE92787377F00D40C61 /* PBXContainerItemProxy */ = {
			isa = PBXContainerItemProxy;
			containerPortal = B42D3BC32787377D00D40C61 /* Project object */;
			proxyType = 1;
			remoteGlobalIDString = B42D3BD42787377F00D40C61;
			remoteInfo = "I Am Rich (macOS)";
		};
/* End PBXContainerItemProxy section */

/* Begin PBXFileReference section */
		B42D3BC82787377E00D40C61 /* I_Am_RichApp.swift */ = {isa = PBXFileReference; lastKnownFileType = sourcecode.swift; path = I_Am_RichApp.swift; sourceTree = "<group>"; };
		B42D3BC92787377E00D40C61 /* ContentView.swift */ = {isa = PBXFileReference; lastKnownFileType = sourcecode.swift; path = ContentView.swift; sourceTree = "<group>"; };
		B42D3BCA2787377F00D40C61 /* Assets.xcassets */ = {isa = PBXFileReference; lastKnownFileType = folder.assetcatalog; path = Assets.xcassets; sourceTree = "<group>"; };
		B42D3BCF2787377F00D40C61 /* I Am Rich.app */ = {isa = PBXFileReference; explicitFileType = wrapper.application; includeInIndex = 0; path = "I Am Rich.app"; sourceTree = BUILT_PRODUCTS_DIR; };
		B42D3BD52787377F00D40C61 /* I Am Rich.app */ = {isa = PBXFileReference; explicitFileType = wrapper.application; includeInIndex = 0; path = "I Am Rich.app"; sourceTree = BUILT_PRODUCTS_DIR; };
		B42D3BD72787377F00D40C61 /* macOS.entitlements */ = {isa = PBXFileReference; lastKnownFileType = text.plist.entitlements; path = macOS.entitlements; sourceTree = "<group>"; };
		B42D3BDC2787377F00D40C61 /* Tests iOS.xctest */ = {isa = PBXFileReference; explicitFileType = wrapper.cfbundle; includeInIndex = 0; path = "Tests iOS.xctest"; sourceTree = BUILT_PRODUCTS_DIR; };
		B42D3BE02787377F00D40C61 /* Tests_iOS.swift */ = {isa = PBXFileReference; lastKnownFileType = sourcecode.swift; path = Tests_iOS.swift; sourceTree = "<group>"; };
		B42D3BE22787377F00D40C61 /* Tests_iOSLaunchTests.swift */ = {isa = PBXFileReference; lastKnownFileType = sourcecode.swift; path = Tests_iOSLaunchTests.swift; sourceTree = "<group>"; };
		B42D3BE82787377F00D40C61 /* Tests macOS.xctest */ = {isa = PBXFileReference; explicitFileType = wrapper.cfbundle; includeInIndex = 0; path = "Tests macOS.xctest"; sourceTree = BUILT_PRODUCTS_DIR; };
		B42D3BEC2787377F00D40C61 /* Tests_macOS.swift */ = {isa = PBXFileReference; lastKnownFileType = sourcecode.swift; path = Tests_macOS.swift; sourceTree = "<group>"; };
		B42D3BEE2787377F00D40C61 /* Tests_macOSLaunchTests.swift */ = {isa = PBXFileReference; lastKnownFileType = sourcecode.swift; path = Tests_macOSLaunchTests.swift; sourceTree = "<group>"; };
/* End PBXFileReference section */

/* Begin PBXFrameworksBuildPhase section */
		B42D3BCC2787377F00D40C61 /* Frameworks */ = {
			isa = PBXFrameworksBuildPhase;
			buildActionMask = 2147483647;
			files = (
			);
			runOnlyForDeploymentPostprocessing = 0;
		};
		B42D3BD22787377F00D40C61 /* Frameworks */ = {
			isa = PBXFrameworksBuildPhase;
			buildActionMask = 2147483647;
			files = (
			);
			runOnlyForDeploymentPostprocessing = 0;
		};
		B42D3BD92787377F00D40C61 /* Frameworks */ = {
			isa = PBXFrameworksBuildPhase;
			buildActionMask = 2147483647;
			files = (
			);
			runOnlyForDeploymentPostprocessing = 0;
		};
		B42D3BE52787377F00D40C61 /* Frameworks */ = {
			isa = PBXFrameworksBuildPhase;
			buildActionMask = 2147483647;
			files = (
			);
			runOnlyForDeploymentPostprocessing = 0;
		};
/* End PBXFrameworksBuildPhase section */

/* Begin PBXGroup section */
		B42D3BC22787377D00D40C61 = {
			isa = PBXGroup;
			children = (
				B42D3BC72787377E00D40C61 /* Shared */,
				B42D3BD62787377F00D40C61 /* macOS */,
				B42D3BDF2787377F00D40C61 /* Tests iOS */,
				B42D3BEB2787377F00D40C61 /* Tests macOS */,
				B42D3BD02787377F00D40C61 /* Products */,
			);
			sourceTree = "<group>";
		};
		B42D3BC72787377E00D40C61 /* Shared */ = {
			isa = PBXGroup;
			children = (
				B42D3BC82787377E00D40C61 /* I_Am_RichApp.swift */,
				B42D3BC92787377E00D40C61 /* ContentView.swift */,
				B42D3BCA2787377F00D40C61 /* Assets.xcassets */,
			);
			path = Shared;
			sourceTree = "<group>";
		};
		B42D3BD02787377F00D40C61 /* Products */ = {
			isa = PBXGroup;
			children = (
				B42D3BCF2787377F00D40C61 /* I Am Rich.app */,
				B42D3BD52787377F00D40C61 /* I Am Rich.app */,
				B42D3BDC2787377F00D40C61 /* Tests iOS.xctest */,
				B42D3BE82787377F00D40C61 /* Tests macOS.xctest */,
			);
			name = Products;
			sourceTree = "<group>";
		};
		B42D3BD62787377F00D40C61 /* macOS */ = {
			isa = PBXGroup;
			children = (
				B42D3BD72787377F00D40C61 /* macOS.entitlements */,
			);
			path = macOS;
			sourceTree = "<group>";
		};
		B42D3BDF2787377F00D40C61 /* Tests iOS */ = {
			isa = PBXGroup;
			children = (
				B42D3BE02787377F00D40C61 /* Tests_iOS.swift */,
				B42D3BE22787377F00D40C61 /* Tests_iOSLaunchTests.swift */,
			);
			path = "Tests iOS";
			sourceTree = "<group>";
		};
		B42D3BEB2787377F00D40C61 /* Tests macOS */ = {
			isa = PBXGroup;
			children = (
				B42D3BEC2787377F00D40C61 /* Tests_macOS.swift */,
				B42D3BEE2787377F00D40C61 /* Tests_macOSLaunchTests.swift */,
			);
			path = "Tests macOS";
			sourceTree = "<group>";
		};
/* End PBXGroup section */

/* Begin PBXNativeTarget section */
		B42D3BCE2787377F00D40C61 /* I Am Rich (iOS) */ = {
			isa = PBXNativeTarget;
			buildConfigurationList = B42D3BF82787377F00D40C61 /* Build configuration list for PBXNativeTarget "I Am Rich (iOS)" */;
			buildPhases = (
				B42D3BCB2787377F00D40C61 /* Sources */,
				B42D3BCC2787377F00D40C61 /* Frameworks */,
				B42D3BCD2787377F00D40C61 /* Resources */,
			);
			buildRules = (
			);
			dependencies = (
			);
			name = "I Am Rich (iOS)";
			productName = "I Am Rich (iOS)";
			productReference = B42D3BCF2787377F00D40C61 /* I Am Rich.app */;
			productType = "com.apple.product-type.application";
		};
		B42D3BD42787377F00D40C61 /* I Am Rich (macOS) */ = {
			isa = PBXNativeTarget;
			buildConfigurationList = B42D3BFB2787377F00D40C61 /* Build configuration list for PBXNativeTarget "I Am Rich (macOS)" */;
			buildPhases = (
				B42D3BD12787377F00D40C61 /* Sources */,
				B42D3BD22787377F00D40C61 /* Frameworks */,
				B42D3BD32787377F00D40C61 /* Resources */,
			);
			buildRules = (
			);
			dependencies = (
			);
			name = "I Am Rich (macOS)";
			productName = "I Am Rich (macOS)";
			productReference = B42D3BD52787377F00D40C61 /* I Am Rich.app */;
			productType = "com.apple.product-type.application";
		};
		B42D3BDB2787377F00D40C61 /* Tests iOS */ = {
			isa = PBXNativeTarget;
			buildConfigurationList = B42D3BFE2787377F00D40C61 /* Build configuration list for PBXNativeTarget "Tests iOS" */;
			buildPhases = (
				B42D3BD82787377F00D40C61 /* Sources */,
				B42D3BD92787377F00D40C61 /* Frameworks */,
				B42D3BDA2787377F00D40C61 /* Resources */,
			);
			buildRules = (
			);
			dependencies = (
				B42D3BDE2787377F00D40C61 /* PBXTargetDependency */,
			);
			name = "Tests iOS";
			productName = "Tests iOS";
			productReference = B42D3BDC2787377F00D40C61 /* Tests iOS.xctest */;
			productType = "com.apple.product-type.bundle.ui-testing";
		};
		B42D3BE72787377F00D40C61 /* Tests macOS */ = {
			isa = PBXNativeTarget;
			buildConfigurationList = B42D3C012787377F00D40C61 /* Build configuration list for PBXNativeTarget "Tests macOS" */;
			buildPhases = (
				B42D3BE42787377F00D40C61 /* Sources */,
				B42D3BE52787377F00D40C61 /* Frameworks */,
				B42D3BE62787377F00D40C61 /* Resources */,
			);
			buildRules = (
			);
			dependencies = (
				B42D3BEA2787377F00D40C61 /* PBXTargetDependency */,
			);
			name = "Tests macOS";
			productName = "Tests macOS";
			productReference = B42D3BE82787377F00D40C61 /* Tests macOS.xctest */;
			productType = "com.apple.product-type.bundle.ui-testing";
		};
/* End PBXNativeTarget section */

/* Begin PBXProject section */
		B42D3BC32787377D00D40C61 /* Project object */ = {
			isa = PBXProject;
			attributes = {
				BuildIndependentTargetsInParallel = 1;
				LastSwiftUpdateCheck = 1310;
				LastUpgradeCheck = 1310;
				TargetAttributes = {
					B42D3BCE2787377F00D40C61 = {
						CreatedOnToolsVersion = 13.1;
					};
					B42D3BD42787377F00D40C61 = {
						CreatedOnToolsVersion = 13.1;
					};
					B42D3BDB2787377F00D40C61 = {
						CreatedOnToolsVersion = 13.1;
						TestTargetID = B42D3BCE2787377F00D40C61;
					};
					B42D3BE72787377F00D40C61 = {
						CreatedOnToolsVersion = 13.1;
						TestTargetID = B42D3BD42787377F00D40C61;
					};
				};
			};
			buildConfigurationList = B42D3BC62787377D00D40C61 /* Build configuration list for PBXProject "I Am Rich" */;
			compatibilityVersion = "Xcode 13.0";
			developmentRegion = en;
			hasScannedForEncodings = 0;
			knownRegions = (
				en,
				Base,
			);
			mainGroup = B42D3BC22787377D00D40C61;
			productRefGroup = B42D3BD02787377F00D40C61 /* Products */;
			projectDirPath = "";
			projectRoot = "";
			targets = (
				B42D3BCE2787377F00D40C61 /* I Am Rich (iOS) */,
				B42D3BD42787377F00D40C61 /* I Am Rich (macOS) */,
				B42D3BDB2787377F00D40C61 /* Tests iOS */,
				B42D3BE72787377F00D40C61 /* Tests macOS */,
			);
		};
/* End PBXProject section */

/* Begin PBXResourcesBuildPhase section */
		B42D3BCD2787377F00D40C61 /* Resources */ = {
			isa = PBXResourcesBuildPhase;
			buildActionMask = 2147483647;
			files = (
				B42D3BF42787377F00D40C61 /* Assets.xcassets in Resources */,
			);
			runOnlyForDeploymentPostprocessing = 0;
		};
		B42D3BD32787377F00D40C61 /* Resources */ = {
			isa = PBXResourcesBuildPhase;
			buildActionMask = 2147483647;
			files = (
				B42D3BF52787377F00D40C61 /* Assets.xcassets in Resources */,
			);
			runOnlyForDeploymentPostprocessing = 0;
		};
		B42D3BDA2787377F00D40C61 /* Resources */ = {
			isa = PBXResourcesBuildPhase;
			buildActionMask = 2147483647;
			files = (
			);
			runOnlyForDeploymentPostprocessing = 0;
		};
		B42D3BE62787377F00D40C61 /* Resources */ = {
			isa = PBXResourcesBuildPhase;
			buildActionMask = 2147483647;
			files = (
			);
			runOnlyForDeploymentPostprocessing = 0;
		};
/* End PBXResourcesBuildPhase section */

/* Begin PBXSourcesBuildPhase section */
		B42D3BCB2787377F00D40C61 /* Sources */ = {
			isa = PBXSourcesBuildPhase;
			buildActionMask = 2147483647;
			files = (
				B42D3BF22787377F00D40C61 /* ContentView.swift in Sources */,
				B42D3BF02787377F00D40C61 /* I_Am_RichApp.swift in Sources */,
			);
			runOnlyForDeploymentPostprocessing = 0;
		};
		B42D3BD12787377F00D40C61 /* Sources */ = {
			isa = PBXSourcesBuildPhase;
			buildActionMask = 2147483647;
			files = (
				B42D3BF32787377F00D40C61 /* ContentView.swift in Sources */,
				B42D3BF12787377F00D40C61 /* I_Am_RichApp.swift in Sources */,
			);
			runOnlyForDeploymentPostprocessing = 0;
		};
		B42D3BD82787377F00D40C61 /* Sources */ = {
			isa = PBXSourcesBuildPhase;
			buildActionMask = 2147483647;
			files = (
				B42D3BE32787377F00D40C61 /* Tests_iOSLaunchTests.swift in Sources */,
				B42D3BE12787377F00D40C61 /* Tests_iOS.swift in Sources */,
			);
			runOnlyForDeploymentPostprocessing = 0;
		};
		B42D3BE42787377F00D40C61 /* Sources */ = {
			isa = PBXSourcesBuildPhase;
			buildActionMask = 2147483647;
			files = (
				B42D3BEF2787377F00D40C61 /* Tests_macOSLaunchTests.swift in Sources */,
				B42D3BED2787377F00D40C61 /* Tests_macOS.swift in Sources */,
			);
			runOnlyForDeploymentPostprocessing = 0;
		};
/* End PBXSourcesBuildPhase section */

/* Begin PBXTargetDependency section */
		B42D3BDE2787377F00D40C61 /* PBXTargetDependency */ = {
			isa = PBXTargetDependency;
			target = B42D3BCE2787377F00D40C61 /* I Am Rich (iOS) */;
			targetProxy = B42D3BDD2787377F00D40C61 /* PBXContainerItemProxy */;
		};
		B42D3BEA2787377F00D40C61 /* PBXTargetDependency */ = {
			isa = PBXTargetDependency;
			target = B42D3BD42787377F00D40C61 /* I Am Rich (macOS) */;
			targetProxy = B42D3BE92787377F00D40C61 /* PBXContainerItemProxy */;
		};
/* End PBXTargetDependency section */

/* Begin XCBuildConfiguration section */
		B42D3BF62787377F00D40C61 /* Debug */ = {
			isa = XCBuildConfiguration;
			buildSettings = {
				ALWAYS_SEARCH_USER_PATHS = NO;
				CLANG_ANALYZER_NONNULL = YES;
				CLANG_ANALYZER_NUMBER_OBJECT_CONVERSION = YES_AGGRESSIVE;
				CLANG_CXX_LANGUAGE_STANDARD = "gnu++17";
				CLANG_CXX_LIBRARY = "libc++";
				CLANG_ENABLE_MODULES = YES;
				CLANG_ENABLE_OBJC_ARC = YES;
				CLANG_ENABLE_OBJC_WEAK = YES;
				CLANG_WARN_BLOCK_CAPTURE_AUTORELEASING = YES;
				CLANG_WARN_BOOL_CONVERSION = YES;
				CLANG_WARN_COMMA = YES;
				CLANG_WARN_CONSTANT_CONVERSION = YES;
				CLANG_WARN_DEPRECATED_OBJC_IMPLEMENTATIONS = YES;
				CLANG_WARN_DIRECT_OBJC_ISA_USAGE = YES_ERROR;
				CLANG_WARN_DOCUMENTATION_COMMENTS = YES;
				CLANG_WARN_EMPTY_BODY = YES;
				CLANG_WARN_ENUM_CONVERSION = YES;
				CLANG_WARN_INFINITE_RECURSION = YES;
				CLANG_WARN_INT_CONVERSION = YES;
				CLANG_WARN_NON_LITERAL_NULL_CONVERSION = YES;
				CLANG_WARN_OBJC_IMPLICIT_RETAIN_SELF = YES;
				CLANG_WARN_OBJC_LITERAL_CONVERSION = YES;
				CLANG_WARN_OBJC_ROOT_CLASS = YES_ERROR;
				CLANG_WARN_QUOTED_INCLUDE_IN_FRAMEWORK_HEADER = YES;
				CLANG_WARN_RANGE_LOOP_ANALYSIS = YES;
				CLANG_WARN_STRICT_PROTOTYPES = YES;
				CLANG_WARN_SUSPICIOUS_MOVE = YES;
				CLANG_WARN_UNGUARDED_AVAILABILITY = YES_AGGRESSIVE;
				CLANG_WARN_UNREACHABLE_CODE = YES;
				CLANG_WARN__DUPLICATE_METHOD_MATCH = YES;
				COPY_PHASE_STRIP = NO;
				DEBUG_INFORMATION_FORMAT = dwarf;
				ENABLE_STRICT_OBJC_MSGSEND = YES;
				ENABLE_TESTABILITY = YES;
				GCC_C_LANGUAGE_STANDARD = gnu11;
				GCC_DYNAMIC_NO_PIC = NO;
				GCC_NO_COMMON_BLOCKS = YES;
				GCC_OPTIMIZATION_LEVEL = 0;
				GCC_PREPROCESSOR_DEFINITIONS = (
					"DEBUG=1",
					"$(inherited)",
				);
				GCC_WARN_64_TO_32_BIT_CONVERSION = YES;
				GCC_WARN_ABOUT_RETURN_TYPE = YES_ERROR;
				GCC_WARN_UNDECLARED_SELECTOR = YES;
				GCC_WARN_UNINITIALIZED_AUTOS = YES_AGGRESSIVE;
				GCC_WARN_UNUSED_FUNCTION = YES;
				GCC_WARN_UNUSED_VARIABLE = YES;
				MTL_ENABLE_DEBUG_INFO = INCLUDE_SOURCE;
				MTL_FAST_MATH = YES;
				ONLY_ACTIVE_ARCH = YES;
				SWIFT_ACTIVE_COMPILATION_CONDITIONS = DEBUG;
				SWIFT_OPTIMIZATION_LEVEL = "-Onone";
			};
			name = Debug;
		};
		B42D3BF72787377F00D40C61 /* Release */ = {
			isa = XCBuildConfiguration;
			buildSettings = {
				ALWAYS_SEARCH_USER_PATHS = NO;
				CLANG_ANALYZER_NONNULL = YES;
				CLANG_ANALYZER_NUMBER_OBJECT_CONVERSION = YES_AGGRESSIVE;
				CLANG_CXX_LANGUAGE_STANDARD = "gnu++17";
				CLANG_CXX_LIBRARY = "libc++";
				CLANG_ENABLE_MODULES = YES;
				CLANG_ENABLE_OBJC_ARC = YES;
				CLANG_ENABLE_OBJC_WEAK = YES;
				CLANG_WARN_BLOCK_CAPTURE_AUTORELEASING = YES;
				CLANG_WARN_BOOL_CONVERSION = YES;
				CLANG_WARN_COMMA = YES;
				CLANG_WARN_CONSTANT_CONVERSION = YES;
				CLANG_WARN_DEPRECATED_OBJC_IMPLEMENTATIONS = YES;
				CLANG_WARN_DIRECT_OBJC_ISA_USAGE = YES_ERROR;
				CLANG_WARN_DOCUMENTATION_COMMENTS = YES;
				CLANG_WARN_EMPTY_BODY = YES;
				CLANG_WARN_ENUM_CONVERSION = YES;
				CLANG_WARN_INFINITE_RECURSION = YES;
				CLANG_WARN_INT_CONVERSION = YES;
				CLANG_WARN_NON_LITERAL_NULL_CONVERSION = YES;
				CLANG_WARN_OBJC_IMPLICIT_RETAIN_SELF = YES;
				CLANG_WARN_OBJC_LITERAL_CONVERSION = YES;
				CLANG_WARN_OBJC_ROOT_CLASS = YES_ERROR;
				CLANG_WARN_QUOTED_INCLUDE_IN_FRAMEWORK_HEADER = YES;
				CLANG_WARN_RANGE_LOOP_ANALYSIS = YES;
				CLANG_WARN_STRICT_PROTOTYPES = YES;
				CLANG_WARN_SUSPICIOUS_MOVE = YES;
				CLANG_WARN_UNGUARDED_AVAILABILITY = YES_AGGRESSIVE;
				CLANG_WARN_UNREACHABLE_CODE = YES;
				CLANG_WARN__DUPLICATE_METHOD_MATCH = YES;
				COPY_PHASE_STRIP = NO;
				DEBUG_INFORMATION_FORMAT = "dwarf-with-dsym";
				ENABLE_NS_ASSERTIONS = NO;
				ENABLE_STRICT_OBJC_MSGSEND = YES;
				GCC_C_LANGUAGE_STANDARD = gnu11;
				GCC_NO_COMMON_BLOCKS = YES;
				GCC_WARN_64_TO_32_BIT_CONVERSION = YES;
				GCC_WARN_ABOUT_RETURN_TYPE = YES_ERROR;
				GCC_WARN_UNDECLARED_SELECTOR = YES;
				GCC_WARN_UNINITIALIZED_AUTOS = YES_AGGRESSIVE;
				GCC_WARN_UNUSED_FUNCTION = YES;
				GCC_WARN_UNUSED_VARIABLE = YES;
				MTL_ENABLE_DEBUG_INFO = NO;
				MTL_FAST_MATH = YES;
				SWIFT_COMPILATION_MODE = wholemodule;
				SWIFT_OPTIMIZATION_LEVEL = "-O";
			};
			name = Release;
		};
		B42D3BF92787377F00D40C61 /* Debug */ = {
			isa = XCBuildConfiguration;
			buildSettings = {
				ASSETCATALOG_COMPILER_APPICON_NAME = AppIcon;
				ASSETCATALOG_COMPILER_GLOBAL_ACCENT_COLOR_NAME = AccentColor;
				CODE_SIGN_STYLE = Automatic;
				CURRENT_PROJECT_VERSION = 1;
				DEVELOPMENT_TEAM = GHZTLA3QF5;
				ENABLE_PREVIEWS = YES;
				GENERATE_INFOPLIST_FILE = YES;
				INFOPLIST_KEY_UIApplicationSceneManifest_Generation = YES;
				INFOPLIST_KEY_UIApplicationSupportsIndirectInputEvents = YES;
				INFOPLIST_KEY_UILaunchScreen_Generation = YES;
				INFOPLIST_KEY_UISupportedInterfaceOrientations_iPad = "UIInterfaceOrientationPortrait UIInterfaceOrientationPortraitUpsideDown UIInterfaceOrientationLandscapeLeft UIInterfaceOrientationLandscapeRight";
				INFOPLIST_KEY_UISupportedInterfaceOrientations_iPhone = "UIInterfaceOrientationPortrait UIInterfaceOrientationLandscapeLeft UIInterfaceOrientationLandscapeRight";
				IPHONEOS_DEPLOYMENT_TARGET = 15.0;
				LD_RUNPATH_SEARCH_PATHS = (
					"$(inherited)",
					"@executable_path/Frameworks",
				);
				MARKETING_VERSION = 1.0;
				PRODUCT_BUNDLE_IDENTIFIER = "ummaymah.I-Am-Rich";
				PRODUCT_NAME = "I Am Rich";
				SDKROOT = iphoneos;
				SWIFT_EMIT_LOC_STRINGS = YES;
				SWIFT_VERSION = 5.0;
				TARGETED_DEVICE_FAMILY = "1,2";
			};
			name = Debug;
		};
		B42D3BFA2787377F00D40C61 /* Release */ = {
			isa = XCBuildConfiguration;
			buildSettings = {
				ASSETCATALOG_COMPILER_APPICON_NAME = AppIcon;
				ASSETCATALOG_COMPILER_GLOBAL_ACCENT_COLOR_NAME = AccentColor;
				CODE_SIGN_STYLE = Automatic;
				CURRENT_PROJECT_VERSION = 1;
				DEVELOPMENT_TEAM = GHZTLA3QF5;
				ENABLE_PREVIEWS = YES;
				GENERATE_INFOPLIST_FILE = YES;
				INFOPLIST_KEY_UIApplicationSceneManifest_Generation = YES;
				INFOPLIST_KEY_UIApplicationSupportsIndirectInputEvents = YES;
				INFOPLIST_KEY_UILaunchScreen_Generation = YES;
				INFOPLIST_KEY_UISupportedInterfaceOrientations_iPad = "UIInterfaceOrientationPortrait UIInterfaceOrientationPortraitUpsideDown UIInterfaceOrientationLandscapeLeft UIInterfaceOrientationLandscapeRight";
				INFOPLIST_KEY_UISupportedInterfaceOrientations_iPhone = "UIInterfaceOrientationPortrait UIInterfaceOrientationLandscapeLeft UIInterfaceOrientationLandscapeRight";
				IPHONEOS_DEPLOYMENT_TARGET = 15.0;
				LD_RUNPATH_SEARCH_PATHS = (
					"$(inherited)",
					"@executable_path/Frameworks",
				);
				MARKETING_VERSION = 1.0;
				PRODUCT_BUNDLE_IDENTIFIER = "ummaymah.I-Am-Rich";
				PRODUCT_NAME = "I Am Rich";
				SDKROOT = iphoneos;
				SWIFT_EMIT_LOC_STRINGS = YES;
				SWIFT_VERSION = 5.0;
				TARGETED_DEVICE_FAMILY = "1,2";
				VALIDATE_PRODUCT = YES;
			};
			name = Release;
		};
		B42D3BFC2787377F00D40C61 /* Debug */ = {
			isa = XCBuildConfiguration;
			buildSettings = {
				ASSETCATALOG_COMPILER_APPICON_NAME = AppIcon;
				ASSETCATALOG_COMPILER_GLOBAL_ACCENT_COLOR_NAME = AccentColor;
				CODE_SIGN_ENTITLEMENTS = macOS/macOS.entitlements;
				CODE_SIGN_STYLE = Automatic;
				COMBINE_HIDPI_IMAGES = YES;
				CURRENT_PROJECT_VERSION = 1;
				DEVELOPMENT_TEAM = GHZTLA3QF5;
				ENABLE_HARDENED_RUNTIME = YES;
				ENABLE_PREVIEWS = YES;
				GENERATE_INFOPLIST_FILE = YES;
				INFOPLIST_KEY_NSHumanReadableCopyright = "";
				LD_RUNPATH_SEARCH_PATHS = (
					"$(inherited)",
					"@executable_path/../Frameworks",
				);
				MACOSX_DEPLOYMENT_TARGET = 11.6;
				MARKETING_VERSION = 1.0;
				PRODUCT_BUNDLE_IDENTIFIER = "ummaymah.I-Am-Rich";
				PRODUCT_NAME = "I Am Rich";
				SDKROOT = macosx;
				SWIFT_EMIT_LOC_STRINGS = YES;
				SWIFT_VERSION = 5.0;
			};
			name = Debug;
		};
		B42D3BFD2787377F00D40C61 /* Release */ = {
			isa = XCBuildConfiguration;
			buildSettings = {
				ASSETCATALOG_COMPILER_APPICON_NAME = AppIcon;
				ASSETCATALOG_COMPILER_GLOBAL_ACCENT_COLOR_NAME = AccentColor;
				CODE_SIGN_ENTITLEMENTS = macOS/macOS.entitlements;
				CODE_SIGN_STYLE = Automatic;
				COMBINE_HIDPI_IMAGES = YES;
				CURRENT_PROJECT_VERSION = 1;
				DEVELOPMENT_TEAM = GHZTLA3QF5;
				ENABLE_HARDENED_RUNTIME = YES;
				ENABLE_PREVIEWS = YES;
				GENERATE_INFOPLIST_FILE = YES;
				INFOPLIST_KEY_NSHumanReadableCopyright = "";
				LD_RUNPATH_SEARCH_PATHS = (
					"$(inherited)",
					"@executable_path/../Frameworks",
				);
				MACOSX_DEPLOYMENT_TARGET = 11.6;
				MARKETING_VERSION = 1.0;
				PRODUCT_BUNDLE_IDENTIFIER = "ummaymah.I-Am-Rich";
				PRODUCT_NAME = "I Am Rich";
				SDKROOT = macosx;
				SWIFT_EMIT_LOC_STRINGS = YES;
				SWIFT_VERSION = 5.0;
			};
			name = Release;
		};
		B42D3BFF2787377F00D40C61 /* Debug */ = {
			isa = XCBuildConfiguration;
			buildSettings = {
				ALWAYS_EMBED_SWIFT_STANDARD_LIBRARIES = YES;
				CODE_SIGN_STYLE = Automatic;
				CURRENT_PROJECT_VERSION = 1;
				DEVELOPMENT_TEAM = GHZTLA3QF5;
				GENERATE_INFOPLIST_FILE = YES;
				IPHONEOS_DEPLOYMENT_TARGET = 15.0;
				LD_RUNPATH_SEARCH_PATHS = (
					"$(inherited)",
					"@executable_path/Frameworks",
					"@loader_path/Frameworks",
				);
				MARKETING_VERSION = 1.0;
				PRODUCT_BUNDLE_IDENTIFIER = "ummaymah.Tests-iOS";
				PRODUCT_NAME = "$(TARGET_NAME)";
				SDKROOT = iphoneos;
				SWIFT_EMIT_LOC_STRINGS = NO;
				SWIFT_VERSION = 5.0;
				TARGETED_DEVICE_FAMILY = "1,2";
				TEST_TARGET_NAME = "I Am Rich (iOS)";
			};
			name = Debug;
		};
		B42D3C002787377F00D40C61 /* Release */ = {
			isa = XCBuildConfiguration;
			buildSettings = {
				ALWAYS_EMBED_SWIFT_STANDARD_LIBRARIES = YES;
				CODE_SIGN_STYLE = Automatic;
				CURRENT_PROJECT_VERSION = 1;
				DEVELOPMENT_TEAM = GHZTLA3QF5;
				GENERATE_INFOPLIST_FILE = YES;
				IPHONEOS_DEPLOYMENT_TARGET = 15.0;
				LD_RUNPATH_SEARCH_PATHS = (
					"$(inherited)",
					"@executable_path/Frameworks",
					"@loader_path/Frameworks",
				);
				MARKETING_VERSION = 1.0;
				PRODUCT_BUNDLE_IDENTIFIER = "ummaymah.Tests-iOS";
				PRODUCT_NAME = "$(TARGET_NAME)";
				SDKROOT = iphoneos;
				SWIFT_EMIT_LOC_STRINGS = NO;
				SWIFT_VERSION = 5.0;
				TARGETED_DEVICE_FAMILY = "1,2";
				TEST_TARGET_NAME = "I Am Rich (iOS)";
				VALIDATE_PRODUCT = YES;
			};
			name = Release;
		};
		B42D3C022787377F00D40C61 /* Debug */ = {
			isa = XCBuildConfiguration;
			buildSettings = {
				ALWAYS_EMBED_SWIFT_STANDARD_LIBRARIES = YES;
				CODE_SIGN_STYLE = Automatic;
				COMBINE_HIDPI_IMAGES = YES;
				CURRENT_PROJECT_VERSION = 1;
				DEVELOPMENT_TEAM = GHZTLA3QF5;
				GENERATE_INFOPLIST_FILE = YES;
				LD_RUNPATH_SEARCH_PATHS = (
					"$(inherited)",
					"@executable_path/../Frameworks",
					"@loader_path/../Frameworks",
				);
				MACOSX_DEPLOYMENT_TARGET = 11.6;
				MARKETING_VERSION = 1.0;
				PRODUCT_BUNDLE_IDENTIFIER = "ummaymah.Tests-macOS";
				PRODUCT_NAME = "$(TARGET_NAME)";
				SDKROOT = macosx;
				SWIFT_EMIT_LOC_STRINGS = NO;
				SWIFT_VERSION = 5.0;
				TEST_TARGET_NAME = "I Am Rich (macOS)";
			};
			name = Debug;
		};
		B42D3C032787377F00D40C61 /* Release */ = {
			isa = XCBuildConfiguration;
			buildSettings = {
				ALWAYS_EMBED_SWIFT_STANDARD_LIBRARIES = YES;
				CODE_SIGN_STYLE = Automatic;
				COMBINE_HIDPI_IMAGES = YES;
				CURRENT_PROJECT_VERSION = 1;
				DEVELOPMENT_TEAM = GHZTLA3QF5;
				GENERATE_INFOPLIST_FILE = YES;
				LD_RUNPATH_SEARCH_PATHS = (
					"$(inherited)",
					"@executable_path/../Frameworks",
					"@loader_path/../Frameworks",
				);
				MACOSX_DEPLOYMENT_TARGET = 11.6;
				MARKETING_VERSION = 1.0;
				PRODUCT_BUNDLE_IDENTIFIER = "ummaymah.Tests-macOS";
				PRODUCT_NAME = "$(TARGET_NAME)";
				SDKROOT = macosx;
				SWIFT_EMIT_LOC_STRINGS = NO;
				SWIFT_VERSION = 5.0;
				TEST_TARGET_NAME = "I Am Rich (macOS)";
			};
			name = Release;
		};
/* End XCBuildConfiguration section */

/* Begin XCConfigurationList section */
		B42D3BC62787377D00D40C61 /* Build configuration list for PBXProject "I Am Rich" */ = {
			isa = XCConfigurationList;
			buildConfigurations = (
				B42D3BF62787377F00D40C61 /* Debug */,
				B42D3BF72787377F00D40C61 /* Release */,
			);
			defaultConfigurationIsVisible = 0;
			defaultConfigurationName = Release;
		};
		B42D3BF82787377F00D40C61 /* Build configuration list for PBXNativeTarget "I Am Rich (iOS)" */ = {
			isa = XCConfigurationList;
			buildConfigurations = (
				B42D3BF92787377F00D40C61 /* Debug */,
				B42D3BFA2787377F00D40C61 /* Release */,
			);
			defaultConfigurationIsVisible = 0;
			defaultConfigurationName = Release;
		};
		B42D3BFB2787377F00D40C61 /* Build configuration list for PBXNativeTarget "I Am Rich (macOS)" */ = {
			isa = XCConfigurationList;
			buildConfigurations = (
				B42D3BFC2787377F00D40C61 /* Debug */,
				B42D3BFD2787377F00D40C61 /* Release */,
			);
			defaultConfigurationIsVisible = 0;
			defaultConfigurationName = Release;
		};
		B42D3BFE2787377F00D40C61 /* Build configuration list for PBXNativeTarget "Tests iOS" */ = {
			isa = XCConfigurationList;
			buildConfigurations = (
				B42D3BFF2787377F00D40C61 /* Debug */,
				B42D3C002787377F00D40C61 /* Release */,
			);
			defaultConfigurationIsVisible = 0;
			defaultConfigurationName = Release;
		};
		B42D3C012787377F00D40C61 /* Build configuration list for PBXNativeTarget "Tests macOS" */ = {
			isa = XCConfigurationList;
			buildConfigurations = (
				B42D3C022787377F00D40C61 /* Debug */,
				B42D3C032787377F00D40C61 /* Release */,
			);
			defaultConfigurationIsVisible = 0;
			defaultConfigurationName = Release;
		};
/* End XCConfigurationList section */
	};
	rootObject = B42D3BC32787377D00D40C61 /* Project object */;
}
